# This file is automatically @generated by Cargo.
# It is not intended for manual editing.
version = 4

[[package]]
name = "melissi-machine"
version = "0.1.0"

[[package]]
name = "melissi-node"
version = "0.1.0"
dependencies = [
 "melissi-machine",
 "melissi-settlement",
]

[[package]]
name = "melissi-settlement"
version = "0.1.0"

[[package]]
name = "melissi-sim"
version = "0.1.0"
dependencies = [
 "melissi-machine",
 "melissi-node",
 "melissi-settlement",
]

[[package]]
name = "melissi-wire"
version = "0.1.0"
dependencies = [
 "melissi-machine",
 "melissi-node",
 "melissi-settlement",
]
